// !$*UTF8*$!
{
	archiveVersion = 1;
	classes = {
	};
	objectVersion = 50;
	objects = {

/* Begin PBXBuildFile section */
		F8D97AA626B81F8F00B3FACA /* AppDelegate.swift in Sources */ = {isa = PBXBuildFile; fileRef = F8D97AA526B81F8F00B3FACA /* AppDelegate.swift */; };
		F8D97AA826B81F8F00B3FACA /* SceneDelegate.swift in Sources */ = {isa = PBXBuildFile; fileRef = F8D97AA726B81F8F00B3FACA /* SceneDelegate.swift */; };
		F8D97AAD26B81F8F00B3FACA /* Main.storyboard in Resources */ = {isa = PBXBuildFile; fileRef = F8D97AAB26B81F8F00B3FACA /* Main.storyboard */; };
		F8D97AAF26B81F9000B3FACA /* Assets.xcassets in Resources */ = {isa = PBXBuildFile; fileRef = F8D97AAE26B81F9000B3FACA /* Assets.xcassets */; };
		F8D97AB226B81F9000B3FACA /* LaunchScreen.storyboard in Resources */ = {isa = PBXBuildFile; fileRef = F8D97AB026B81F9000B3FACA /* LaunchScreen.storyboard */; };
		F8D97ABB26B8217000B3FACA /* TabbarAndSideMenuContainerVC.swift in Sources */ = {isa = PBXBuildFile; fileRef = F8D97AB926B8217000B3FACA /* TabbarAndSideMenuContainerVC.swift */; };
		F8D97ABC26B8217000B3FACA /* SideMenuVC.swift in Sources */ = {isa = PBXBuildFile; fileRef = F8D97ABA26B8217000B3FACA /* SideMenuVC.swift */; };
		F8D97AC326B821B400B3FACA /* OffersVC.swift in Sources */ = {isa = PBXBuildFile; fileRef = F8D97ABE26B821B300B3FACA /* OffersVC.swift */; };
		F8D97AC426B821B400B3FACA /* CartVC.swift in Sources */ = {isa = PBXBuildFile; fileRef = F8D97ABF26B821B300B3FACA /* CartVC.swift */; };
		F8D97AC526B821B400B3FACA /* SearchVC.swift in Sources */ = {isa = PBXBuildFile; fileRef = F8D97AC026B821B400B3FACA /* SearchVC.swift */; };
		F8D97AC626B821B400B3FACA /* FavouriteVC.swift in Sources */ = {isa = PBXBuildFile; fileRef = F8D97AC126B821B400B3FACA /* FavouriteVC.swift */; };
		F8D97AC726B821B400B3FACA /* HomeVC.swift in Sources */ = {isa = PBXBuildFile; fileRef = F8D97AC226B821B400B3FACA /* HomeVC.swift */; };
/* End PBXBuildFile section */

/* Begin PBXFileReference section */
		F8D97AA226B81F8F00B3FACA /* SideMenuWithTabbar.app */ = {isa = PBXFileReference; explicitFileType = wrapper.application; includeInIndex = 0; path = SideMenuWithTabbar.app; sourceTree = BUILT_PRODUCTS_DIR; };
		F8D97AA526B81F8F00B3FACA /* AppDelegate.swift */ = {isa = PBXFileReference; lastKnownFileType = sourcecode.swift; path = AppDelegate.swift; sourceTree = "<group>"; };
		F8D97AA726B81F8F00B3FACA /* SceneDelegate.swift */ = {isa = PBXFileReference; lastKnownFileType = sourcecode.swift; path = SceneDelegate.swift; sourceTree = "<group>"; };
		F8D97AAC26B81F8F00B3FACA /* Base */ = {isa = PBXFileReference; lastKnownFileType = file.storyboard; name = Base; path = Base.lproj/Main.storyboard; sourceTree = "<group>"; };
		F8D97AAE26B81F9000B3FACA /* Assets.xcassets */ = {isa = PBXFileReference; lastKnownFileType = folder.assetcatalog; path = Assets.xcassets; sourceTree = "<group>"; };
		F8D97AB126B81F9000B3FACA /* Base */ = {isa = PBXFileReference; lastKnownFileType = file.storyboard; name = Base; path = Base.lproj/LaunchScreen.storyboard; sourceTree = "<group>"; };
		F8D97AB326B81F9000B3FACA /* Info.plist */ = {isa = PBXFileReference; lastKnownFileType = text.plist.xml; path = Info.plist; sourceTree = "<group>"; };
		F8D97AB926B8217000B3FACA /* TabbarAndSideMenuContainerVC.swift */ = {isa = PBXFileReference; fileEncoding = 4; lastKnownFileType = sourcecode.swift; path = TabbarAndSideMenuContainerVC.swift; sourceTree = "<group>"; };
		F8D97ABA26B8217000B3FACA /* SideMenuVC.swift */ = {isa = PBXFileReference; fileEncoding = 4; lastKnownFileType = sourcecode.swift; path = SideMenuVC.swift; sourceTree = "<group>"; };
		F8D97ABE26B821B300B3FACA /* OffersVC.swift */ = {isa = PBXFileReference; fileEncoding = 4; lastKnownFileType = sourcecode.swift; path = OffersVC.swift; sourceTree = "<group>"; };
		F8D97ABF26B821B300B3FACA /* CartVC.swift */ = {isa = PBXFileReference; fileEncoding = 4; lastKnownFileType = sourcecode.swift; path = CartVC.swift; sourceTree = "<group>"; };
		F8D97AC026B821B400B3FACA /* SearchVC.swift */ = {isa = PBXFileReference; fileEncoding = 4; lastKnownFileType = sourcecode.swift; path = SearchVC.swift; sourceTree = "<group>"; };
		F8D97AC126B821B400B3FACA /* FavouriteVC.swift */ = {isa = PBXFileReference; fileEncoding = 4; lastKnownFileType = sourcecode.swift; path = FavouriteVC.swift; sourceTree = "<group>"; };
		F8D97AC226B821B400B3FACA /* HomeVC.swift */ = {isa = PBXFileReference; fileEncoding = 4; lastKnownFileType = sourcecode.swift; path = HomeVC.swift; sourceTree = "<group>"; };
/* End PBXFileReference section */

/* Begin PBXFrameworksBuildPhase section */
		F8D97A9F26B81F8F00B3FACA /* Frameworks */ = {
			isa = PBXFrameworksBuildPhase;
			buildActionMask = 2147483647;
			files = (
			);
			runOnlyForDeploymentPostprocessing = 0;
		};
/* End PBXFrameworksBuildPhase section */

/* Begin PBXGroup section */
		F8D97A9926B81F8F00B3FACA = {
			isa = PBXGroup;
			children = (
				F8D97AA426B81F8F00B3FACA /* SideMenuWithTabbar */,
				F8D97AA326B81F8F00B3FACA /* Products */,
			);
			sourceTree = "<group>";
		};
		F8D97AA326B81F8F00B3FACA /* Products */ = {
			isa = PBXGroup;
			children = (
				F8D97AA226B81F8F00B3FACA /* SideMenuWithTabbar.app */,
			);
			name = Products;
			sourceTree = "<group>";
		};
		F8D97AA426B81F8F00B3FACA /* SideMenuWithTabbar */ = {
			isa = PBXGroup;
			children = (
				F8D97AA526B81F8F00B3FACA /* AppDelegate.swift */,
				F8D97AA726B81F8F00B3FACA /* SceneDelegate.swift */,
				F8D97AB926B8217000B3FACA /* TabbarAndSideMenuContainerVC.swift */,
				F8D97ABA26B8217000B3FACA /* SideMenuVC.swift */,
				F8D97ABD26B8217900B3FACA /* TabbarControllers */,
				F8D97AAB26B81F8F00B3FACA /* Main.storyboard */,
				F8D97AAE26B81F9000B3FACA /* Assets.xcassets */,
				F8D97AB026B81F9000B3FACA /* LaunchScreen.storyboard */,
				F8D97AB326B81F9000B3FACA /* Info.plist */,
			);
			path = SideMenuWithTabbar;
			sourceTree = "<group>";
		};
		F8D97ABD26B8217900B3FACA /* TabbarControllers */ = {
			isa = PBXGroup;
			children = (
				F8D97ABF26B821B300B3FACA /* CartVC.swift */,
				F8D97AC126B821B400B3FACA /* FavouriteVC.swift */,
				F8D97AC226B821B400B3FACA /* HomeVC.swift */,
				F8D97ABE26B821B300B3FACA /* OffersVC.swift */,
				F8D97AC026B821B400B3FACA /* SearchVC.swift */,
			);
			path = TabbarControllers;
			sourceTree = "<group>";
		};
/* End PBXGroup section */

/* Begin PBXNativeTarget section */
		F8D97AA126B81F8F00B3FACA /* SideMenuWithTabbar */ = {
			isa = PBXNativeTarget;
			buildConfigurationList = F8D97AB626B81F9000B3FACA /* Build configuration list for PBXNativeTarget "SideMenuWithTabbar" */;
			buildPhases = (
				F8D97A9E26B81F8F00B3FACA /* Sources */,
				F8D97A9F26B81F8F00B3FACA /* Frameworks */,
				F8D97AA026B81F8F00B3FACA /* Resources */,
			);
			buildRules = (
			);
			dependencies = (
			);
			name = SideMenuWithTabbar;
			productName = SideMenuWithTabbar;
			productReference = F8D97AA226B81F8F00B3FACA /* SideMenuWithTabbar.app */;
			productType = "com.apple.product-type.application";
		};
/* End PBXNativeTarget section */

/* Begin PBXProject section */
		F8D97A9A26B81F8F00B3FACA /* Project object */ = {
			isa = PBXProject;
			attributes = {
				LastSwiftUpdateCheck = 1250;
				LastUpgradeCheck = 1250;
				TargetAttributes = {
					F8D97AA126B81F8F00B3FACA = {
						CreatedOnToolsVersion = 12.5.1;
					};
				};
			};
			buildConfigurationList = F8D97A9D26B81F8F00B3FACA /* Build configuration list for PBXProject "SideMenuWithTabbar" */;
			compatibilityVersion = "Xcode 9.3";
			developmentRegion = en;
			hasScannedForEncodings = 0;
			knownRegions = (
				en,
				Base,
			);
			mainGroup = F8D97A9926B81F8F00B3FACA;
			productRefGroup = F8D97AA326B81F8F00B3FACA /* Products */;
			projectDirPath = "";
			projectRoot = "";
			targets = (
				F8D97AA126B81F8F00B3FACA /* SideMenuWithTabbar */,
			);
		};
/* End PBXProject section */

/* Begin PBXResourcesBuildPhase section */
		F8D97AA026B81F8F00B3FACA /* Resources */ = {
			isa = PBXResourcesBuildPhase;
			buildActionMask = 2147483647;
			files = (
				F8D97AB226B81F9000B3FACA /* LaunchScreen.storyboard in Resources */,
				F8D97AAF26B81F9000B3FACA /* Assets.xcassets in Resources */,
				F8D97AAD26B81F8F00B3FACA /* Main.storyboard in Resources */,
			);
			runOnlyForDeploymentPostprocessing = 0;
		};
/* End PBXResourcesBuildPhase section */

/* Begin PBXSourcesBuildPhase section */
		F8D97A9E26B81F8F00B3FACA /* Sources */ = {
			isa = PBXSourcesBuildPhase;
			buildActionMask = 2147483647;
			files = (
				F8D97AA626B81F8F00B3FACA /* AppDelegate.swift in Sources */,
				F8D97AA826B81F8F00B3FACA /* SceneDelegate.swift in Sources */,
				F8D97AC626B821B400B3FACA /* FavouriteVC.swift in Sources */,
				F8D97AC726B821B400B3FACA /* HomeVC.swift in Sources */,
				F8D97AC426B821B400B3FACA /* CartVC.swift in Sources */,
				F8D97ABC26B8217000B3FACA /* SideMenuVC.swift in Sources */,
				F8D97AC326B821B400B3FACA /* OffersVC.swift in Sources */,
				F8D97ABB26B8217000B3FACA /* TabbarAndSideMenuContainerVC.swift in Sources */,
				F8D97AC526B821B400B3FACA /* SearchVC.swift in Sources */,
			);
			runOnlyForDeploymentPostprocessing = 0;
		};
/* End PBXSourcesBuildPhase section */

/* Begin PBXVariantGroup section */
		F8D97AAB26B81F8F00B3FACA /* Main.storyboard */ = {
			isa = PBXVariantGroup;
			children = (
				F8D97AAC26B81F8F00B3FACA /* Base */,
			);
			name = Main.storyboard;
			sourceTree = "<group>";
		};
		F8D97AB026B81F9000B3FACA /* LaunchScreen.storyboard */ = {
			isa = PBXVariantGroup;
			children = (
				F8D97AB126B81F9000B3FACA /* Base */,
			);
			name = LaunchScreen.storyboard;
			sourceTree = "<group>";
		};
/* End PBXVariantGroup section */

/* Begin XCBuildConfiguration section */
		F8D97AB426B81F9000B3FACA /* Debug */ = {
			isa = XCBuildConfiguration;
			buildSettings = {
				ALWAYS_SEARCH_USER_PATHS = NO;
				CLANG_ANALYZER_NONNULL = YES;
				CLANG_ANALYZER_NUMBER_OBJECT_CONVERSION = YES_AGGRESSIVE;
				CLANG_CXX_LANGUAGE_STANDARD = "gnu++14";
				CLANG_CXX_LIBRARY = "libc++";
				CLANG_ENABLE_MODULES = YES;
				CLANG_ENABLE_OBJC_ARC = YES;
				CLANG_ENABLE_OBJC_WEAK = YES;
				CLANG_WARN_BLOCK_CAPTURE_AUTORELEASING = YES;
				CLANG_WARN_BOOL_CONVERSION = YES;
				CLANG_WARN_COMMA = YES;
				CLANG_WARN_CONSTANT_CONVERSION = YES;
				CLANG_WARN_DEPRECATED_OBJC_IMPLEMENTATIONS = YES;
				CLANG_WARN_DIRECT_OBJC_ISA_USAGE = YES_ERROR;
				CLANG_WARN_DOCUMENTATION_COMMENTS = YES;
				CLANG_WARN_EMPTY_BODY = YES;
				CLANG_WARN_ENUM_CONVERSION = YES;
				CLANG_WARN_INFINITE_RECURSION = YES;
				CLANG_WARN_INT_CONVERSION = YES;
				CLANG_WARN_NON_LITERAL_NULL_CONVERSION = YES;
				CLANG_WARN_OBJC_IMPLICIT_RETAIN_SELF = YES;
				CLANG_WARN_OBJC_LITERAL_CONVERSION = YES;
				CLANG_WARN_OBJC_ROOT_CLASS = YES_ERROR;
				CLANG_WARN_QUOTED_INCLUDE_IN_FRAMEWORK_HEADER = YES;
				CLANG_WARN_RANGE_LOOP_ANALYSIS = YES;
				CLANG_WARN_STRICT_PROTOTYPES = YES;
				CLANG_WARN_SUSPICIOUS_MOVE = YES;
				CLANG_WARN_UNGUARDED_AVAILABILITY = YES_AGGRESSIVE;
				CLANG_WARN_UNREACHABLE_CODE = YES;
				CLANG_WARN__DUPLICATE_METHOD_MATCH = YES;
				COPY_PHASE_STRIP = NO;
				DEBUG_INFORMATION_FORMAT = dwarf;
				ENABLE_STRICT_OBJC_MSGSEND = YES;
				ENABLE_TESTABILITY = YES;
				GCC_C_LANGUAGE_STANDARD = gnu11;
				GCC_DYNAMIC_NO_PIC = NO;
				GCC_NO_COMMON_BLOCKS = YES;
				GCC_OPTIMIZATION_LEVEL = 0;
				GCC_PREPROCESSOR_DEFINITIONS = (
					"DEBUG=1",
					"$(inherited)",
				);
				GCC_WARN_64_TO_32_BIT_CONVERSION = YES;
				GCC_WARN_ABOUT_RETURN_TYPE = YES_ERROR;
				GCC_WARN_UNDECLARED_SELECTOR = YES;
				GCC_WARN_UNINITIALIZED_AUTOS = YES_AGGRESSIVE;
				GCC_WARN_UNUSED_FUNCTION = YES;
				GCC_WARN_UNUSED_VARIABLE = YES;
				IPHONEOS_DEPLOYMENT_TARGET = 14.5;
				MTL_ENABLE_DEBUG_INFO = INCLUDE_SOURCE;
				MTL_FAST_MATH = YES;
				ONLY_ACTIVE_ARCH = YES;
				SDKROOT = iphoneos;
				SWIFT_ACTIVE_COMPILATION_CONDITIONS = DEBUG;
				SWIFT_OPTIMIZATION_LEVEL = "-Onone";
			};
			name = Debug;
		};
		F8D97AB526B81F9000B3FACA /* Release */ = {
			isa = XCBuildConfiguration;
			buildSettings = {
				ALWAYS_SEARCH_USER_PATHS = NO;
				CLANG_ANALYZER_NONNULL = YES;
				CLANG_ANALYZER_NUMBER_OBJECT_CONVERSION = YES_AGGRESSIVE;
				CLANG_CXX_LANGUAGE_STANDARD = "gnu++14";
				CLANG_CXX_LIBRARY = "libc++";
				CLANG_ENABLE_MODULES = YES;
				CLANG_ENABLE_OBJC_ARC = YES;
				CLANG_ENABLE_OBJC_WEAK = YES;
				CLANG_WARN_BLOCK_CAPTURE_AUTORELEASING = YES;
				CLANG_WARN_BOOL_CONVERSION = YES;
				CLANG_WARN_COMMA = YES;
				CLANG_WARN_CONSTANT_CONVERSION = YES;
				CLANG_WARN_DEPRECATED_OBJC_IMPLEMENTATIONS = YES;
				CLANG_WARN_DIRECT_OBJC_ISA_USAGE = YES_ERROR;
				CLANG_WARN_DOCUMENTATION_COMMENTS = YES;
				CLANG_WARN_EMPTY_BODY = YES;
				CLANG_WARN_ENUM_CONVERSION = YES;
				CLANG_WARN_INFINITE_RECURSION = YES;
				CLANG_WARN_INT_CONVERSION = YES;
				CLANG_WARN_NON_LITERAL_NULL_CONVERSION = YES;
				CLANG_WARN_OBJC_IMPLICIT_RETAIN_SELF = YES;
				CLANG_WARN_OBJC_LITERAL_CONVERSION = YES;
				CLANG_WARN_OBJC_ROOT_CLASS = YES_ERROR;
				CLANG_WARN_QUOTED_INCLUDE_IN_FRAMEWORK_HEADER = YES;
				CLANG_WARN_RANGE_LOOP_ANALYSIS = YES;
				CLANG_WARN_STRICT_PROTOTYPES = YES;
				CLANG_WARN_SUSPICIOUS_MOVE = YES;
				CLANG_WARN_UNGUARDED_AVAILABILITY = YES_AGGRESSIVE;
				CLANG_WARN_UNREACHABLE_CODE = YES;
				CLANG_WARN__DUPLICATE_METHOD_MATCH = YES;
				COPY_PHASE_STRIP = NO;
				DEBUG_INFORMATION_FORMAT = "dwarf-with-dsym";
				ENABLE_NS_ASSERTIONS = NO;
				ENABLE_STRICT_OBJC_MSGSEND = YES;
				GCC_C_LANGUAGE_STANDARD = gnu11;
				GCC_NO_COMMON_BLOCKS = YES;
				GCC_WARN_64_TO_32_BIT_CONVERSION = YES;
				GCC_WARN_ABOUT_RETURN_TYPE = YES_ERROR;
				GCC_WARN_UNDECLARED_SELECTOR = YES;
				GCC_WARN_UNINITIALIZED_AUTOS = YES_AGGRESSIVE;
				GCC_WARN_UNUSED_FUNCTION = YES;
				GCC_WARN_UNUSED_VARIABLE = YES;
				IPHONEOS_DEPLOYMENT_TARGET = 14.5;
				MTL_ENABLE_DEBUG_INFO = NO;
				MTL_FAST_MATH = YES;
				SDKROOT = iphoneos;
				SWIFT_COMPILATION_MODE = wholemodule;
				SWIFT_OPTIMIZATION_LEVEL = "-O";
				VALIDATE_PRODUCT = YES;
			};
			name = Release;
		};
		F8D97AB726B81F9000B3FACA /* Debug */ = {
			isa = XCBuildConfiguration;
			buildSettings = {
				ASSETCATALOG_COMPILER_APPICON_NAME = AppIcon;
				ASSETCATALOG_COMPILER_GLOBAL_ACCENT_COLOR_NAME = AccentColor;
				CODE_SIGN_STYLE = Automatic;
				DEVELOPMENT_TEAM = TY688UF8SJ;
				INFOPLIST_FILE = SideMenuWithTabbar/Info.plist;
				LD_RUNPATH_SEARCH_PATHS = (
					"$(inherited)",
					"@executable_path/Frameworks",
				);
				PRODUCT_BUNDLE_IDENTIFIER = com.rivile.SideMenuWithTabbar;
				PRODUCT_NAME = "$(TARGET_NAME)";
				SWIFT_VERSION = 5.0;
				TARGETED_DEVICE_FAMILY = "1,2";
			};
			name = Debug;
		};
		F8D97AB826B81F9000B3FACA /* Release */ = {
			isa = XCBuildConfiguration;
			buildSettings = {
				ASSETCATALOG_COMPILER_APPICON_NAME = AppIcon;
				ASSETCATALOG_COMPILER_GLOBAL_ACCENT_COLOR_NAME = AccentColor;
				CODE_SIGN_STYLE = Automatic;
				DEVELOPMENT_TEAM = TY688UF8SJ;
				INFOPLIST_FILE = SideMenuWithTabbar/Info.plist;
				LD_RUNPATH_SEARCH_PATHS = (
					"$(inherited)",
					"@executable_path/Frameworks",
				);
				PRODUCT_BUNDLE_IDENTIFIER = com.rivile.SideMenuWithTabbar;
				PRODUCT_NAME = "$(TARGET_NAME)";
				SWIFT_VERSION = 5.0;
				TARGETED_DEVICE_FAMILY = "1,2";
			};
			name = Release;
		};
/* End XCBuildConfiguration section */

/* Begin XCConfigurationList section */
		F8D97A9D26B81F8F00B3FACA /* Build configuration list for PBXProject "SideMenuWithTabbar" */ = {
			isa = XCConfigurationList;
			buildConfigurations = (
				F8D97AB426B81F9000B3FACA /* Debug */,
				F8D97AB526B81F9000B3FACA /* Release */,
			);
			defaultConfigurationIsVisible = 0;
			defaultConfigurationName = Release;
		};
		F8D97AB626B81F9000B3FACA /* Build configuration list for PBXNativeTarget "SideMenuWithTabbar" */ = {
			isa = XCConfigurationList;
			buildConfigurations = (
				F8D97AB726B81F9000B3FACA /* Debug */,
				F8D97AB826B81F9000B3FACA /* Release */,
			);
			defaultConfigurationIsVisible = 0;
			defaultConfigurationName = Release;
		};
/* End XCConfigurationList section */
	};
	rootObject = F8D97A9A26B81F8F00B3FACA /* Project object */;
}
